
Microsoft Visual Studio Solution File, Format Version 12.00
# Visual Studio Version 17
VisualStudioVersion = 17.4.33403.182
MinimumVisualStudioVersion = 10.0.40219.1
Project("{FAE04EC0-301F-11D3-BF4B-00C04F79EFBC}") = "MediaCapture", "MediaCapture\MediaCapture.csproj", "{0BA70C4C-CFFC-4CD7-A948-649446A6C4EF}"
EndProject
Global
	GlobalSection(SolutionConfigurationPlatforms) = preSolution
		Debug|Any CPU = Debug|Any CPU
		Release|Any CPU = Release|Any CPU
	EndGlobalSection
	GlobalSection(ProjectConfigurationPlatforms) = postSolution
		{0BA70C4C-CFFC-4CD7-A948-649446A6C4EF}.Debug|Any CPU.ActiveCfg = Debug|Any CPU
		{0BA70C4C-CFFC-4CD7-A948-649446A6C4EF}.Debug|Any CPU.Build.0 = Debug|Any CPU
		{0BA70C4C-CFFC-4CD7-A948-649446A6C4EF}.Release|Any CPU.ActiveCfg = Release|Any CPU
		{0BA70C4C-CFFC-4CD7-A948-649446A6C4EF}.Release|Any CPU.Build.0 = Release|Any CPU
	EndGlobalSection
	GlobalSection(SolutionProperties) = preSolution
		HideSolutionNode = FALSE
	EndGlobalSection
	GlobalSection(ExtensibilityGlobals) = postSolution
		SolutionGuid = {241CAE50-51E4-497E-B361-863F864D5AEE}
	EndGlobalSection
EndGlobal
